// !$*UTF8*$!
{
	archiveVersion = 1;
	classes = {
	};
	objectVersion = 50;
	objects = {

/* Begin PBXBuildFile section */
		CA263B3A26FA339200ECFCC7 /* AppDelegate.swift in Sources */ = {isa = PBXBuildFile; fileRef = CA263B3926FA339200ECFCC7 /* AppDelegate.swift */; };
		CA263B3C26FA339200ECFCC7 /* SceneDelegate.swift in Sources */ = {isa = PBXBuildFile; fileRef = CA263B3B26FA339200ECFCC7 /* SceneDelegate.swift */; };
		CA263B3E26FA339200ECFCC7 /* StartGameController.swift in Sources */ = {isa = PBXBuildFile; fileRef = CA263B3D26FA339200ECFCC7 /* StartGameController.swift */; };
		CA263B4126FA339200ECFCC7 /* Main.storyboard in Resources */ = {isa = PBXBuildFile; fileRef = CA263B3F26FA339200ECFCC7 /* Main.storyboard */; };
		CA263B4326FA339400ECFCC7 /* Assets.xcassets in Resources */ = {isa = PBXBuildFile; fileRef = CA263B4226FA339400ECFCC7 /* Assets.xcassets */; };
		CA263B4626FA339400ECFCC7 /* LaunchScreen.storyboard in Resources */ = {isa = PBXBuildFile; fileRef = CA263B4426FA339400ECFCC7 /* LaunchScreen.storyboard */; };
		CA263B5126FA494A00ECFCC7 /* GameScreenViewController.swift in Sources */ = {isa = PBXBuildFile; fileRef = CA263B5026FA494A00ECFCC7 /* GameScreenViewController.swift */; };
/* End PBXBuildFile section */

/* Begin PBXFileReference section */
		CA263B3626FA339200ECFCC7 /* MillionaireGame.app */ = {isa = PBXFileReference; explicitFileType = wrapper.application; includeInIndex = 0; path = MillionaireGame.app; sourceTree = BUILT_PRODUCTS_DIR; };
		CA263B3926FA339200ECFCC7 /* AppDelegate.swift */ = {isa = PBXFileReference; lastKnownFileType = sourcecode.swift; path = AppDelegate.swift; sourceTree = "<group>"; };
		CA263B3B26FA339200ECFCC7 /* SceneDelegate.swift */ = {isa = PBXFileReference; lastKnownFileType = sourcecode.swift; path = SceneDelegate.swift; sourceTree = "<group>"; };
		CA263B3D26FA339200ECFCC7 /* StartGameController.swift */ = {isa = PBXFileReference; lastKnownFileType = sourcecode.swift; path = StartGameController.swift; sourceTree = "<group>"; };
		CA263B4026FA339200ECFCC7 /* Base */ = {isa = PBXFileReference; lastKnownFileType = file.storyboard; name = Base; path = Base.lproj/Main.storyboard; sourceTree = "<group>"; };
		CA263B4226FA339400ECFCC7 /* Assets.xcassets */ = {isa = PBXFileReference; lastKnownFileType = folder.assetcatalog; path = Assets.xcassets; sourceTree = "<group>"; };
		CA263B4526FA339400ECFCC7 /* Base */ = {isa = PBXFileReference; lastKnownFileType = file.storyboard; name = Base; path = Base.lproj/LaunchScreen.storyboard; sourceTree = "<group>"; };
		CA263B4726FA339400ECFCC7 /* Info.plist */ = {isa = PBXFileReference; lastKnownFileType = text.plist.xml; path = Info.plist; sourceTree = "<group>"; };
		CA263B5026FA494A00ECFCC7 /* GameScreenViewController.swift */ = {isa = PBXFileReference; lastKnownFileType = sourcecode.swift; path = GameScreenViewController.swift; sourceTree = "<group>"; };
/* End PBXFileReference section */

/* Begin PBXFrameworksBuildPhase section */
		CA263B3326FA339200ECFCC7 /* Frameworks */ = {
			isa = PBXFrameworksBuildPhase;
			buildActionMask = 2147483647;
			files = (
			);
			runOnlyForDeploymentPostprocessing = 0;
		};
/* End PBXFrameworksBuildPhase section */

/* Begin PBXGroup section */
		CA263B2D26FA339200ECFCC7 = {
			isa = PBXGroup;
			children = (
				CA263B3826FA339200ECFCC7 /* MillionaireGame */,
				CA263B3726FA339200ECFCC7 /* Products */,
			);
			sourceTree = "<group>";
		};
		CA263B3726FA339200ECFCC7 /* Products */ = {
			isa = PBXGroup;
			children = (
				CA263B3626FA339200ECFCC7 /* MillionaireGame.app */,
			);
			name = Products;
			sourceTree = "<group>";
		};
		CA263B3826FA339200ECFCC7 /* MillionaireGame */ = {
			isa = PBXGroup;
			children = (
				CA263B4E26FA33EE00ECFCC7 /* BaseComponents */,
				CA263B4F26FA35E800ECFCC7 /* Controllers */,
				CA263B4D26FA33C100ECFCC7 /* Storyboard */,
			);
			path = MillionaireGame;
			sourceTree = "<group>";
		};
		CA263B4D26FA33C100ECFCC7 /* Storyboard */ = {
			isa = PBXGroup;
			children = (
				CA263B3F26FA339200ECFCC7 /* Main.storyboard */,
				CA263B4426FA339400ECFCC7 /* LaunchScreen.storyboard */,
			);
			path = Storyboard;
			sourceTree = "<group>";
		};
		CA263B4E26FA33EE00ECFCC7 /* BaseComponents */ = {
			isa = PBXGroup;
			children = (
				CA263B3926FA339200ECFCC7 /* AppDelegate.swift */,
				CA263B3B26FA339200ECFCC7 /* SceneDelegate.swift */,
				CA263B4226FA339400ECFCC7 /* Assets.xcassets */,
				CA263B4726FA339400ECFCC7 /* Info.plist */,
			);
			path = BaseComponents;
			sourceTree = "<group>";
		};
		CA263B4F26FA35E800ECFCC7 /* Controllers */ = {
			isa = PBXGroup;
			children = (
				CA263B3D26FA339200ECFCC7 /* StartGameController.swift */,
				CA263B5026FA494A00ECFCC7 /* GameScreenViewController.swift */,
			);
			path = Controllers;
			sourceTree = "<group>";
		};
/* End PBXGroup section */

/* Begin PBXNativeTarget section */
		CA263B3526FA339200ECFCC7 /* MillionaireGame */ = {
			isa = PBXNativeTarget;
			buildConfigurationList = CA263B4A26FA339400ECFCC7 /* Build configuration list for PBXNativeTarget "MillionaireGame" */;
			buildPhases = (
				CA263B3226FA339200ECFCC7 /* Sources */,
				CA263B3326FA339200ECFCC7 /* Frameworks */,
				CA263B3426FA339200ECFCC7 /* Resources */,
			);
			buildRules = (
			);
			dependencies = (
			);
			name = MillionaireGame;
			productName = MillionaireGame;
			productReference = CA263B3626FA339200ECFCC7 /* MillionaireGame.app */;
			productType = "com.apple.product-type.application";
		};
/* End PBXNativeTarget section */

/* Begin PBXProject section */
		CA263B2E26FA339200ECFCC7 /* Project object */ = {
			isa = PBXProject;
			attributes = {
				LastSwiftUpdateCheck = 1250;
				LastUpgradeCheck = 1250;
				TargetAttributes = {
					CA263B3526FA339200ECFCC7 = {
						CreatedOnToolsVersion = 12.5;
					};
				};
			};
			buildConfigurationList = CA263B3126FA339200ECFCC7 /* Build configuration list for PBXProject "MillionaireGame" */;
			compatibilityVersion = "Xcode 9.3";
			developmentRegion = en;
			hasScannedForEncodings = 0;
			knownRegions = (
				en,
				Base,
			);
			mainGroup = CA263B2D26FA339200ECFCC7;
			productRefGroup = CA263B3726FA339200ECFCC7 /* Products */;
			projectDirPath = "";
			projectRoot = "";
			targets = (
				CA263B3526FA339200ECFCC7 /* MillionaireGame */,
			);
		};
/* End PBXProject section */

/* Begin PBXResourcesBuildPhase section */
		CA263B3426FA339200ECFCC7 /* Resources */ = {
			isa = PBXResourcesBuildPhase;
			buildActionMask = 2147483647;
			files = (
				CA263B4626FA339400ECFCC7 /* LaunchScreen.storyboard in Resources */,
				CA263B4326FA339400ECFCC7 /* Assets.xcassets in Resources */,
				CA263B4126FA339200ECFCC7 /* Main.storyboard in Resources */,
			);
			runOnlyForDeploymentPostprocessing = 0;
		};
/* End PBXResourcesBuildPhase section */

/* Begin PBXSourcesBuildPhase section */
		CA263B3226FA339200ECFCC7 /* Sources */ = {
			isa = PBXSourcesBuildPhase;
			buildActionMask = 2147483647;
			files = (
				CA263B3E26FA339200ECFCC7 /* StartGameController.swift in Sources */,
				CA263B3A26FA339200ECFCC7 /* AppDelegate.swift in Sources */,
				CA263B5126FA494A00ECFCC7 /* GameScreenViewController.swift in Sources */,
				CA263B3C26FA339200ECFCC7 /* SceneDelegate.swift in Sources */,
			);
			runOnlyForDeploymentPostprocessing = 0;
		};
/* End PBXSourcesBuildPhase section */

/* Begin PBXVariantGroup section */
		CA263B3F26FA339200ECFCC7 /* Main.storyboard */ = {
			isa = PBXVariantGroup;
			children = (
				CA263B4026FA339200ECFCC7 /* Base */,
			);
			name = Main.storyboard;
			sourceTree = "<group>";
		};
		CA263B4426FA339400ECFCC7 /* LaunchScreen.storyboard */ = {
			isa = PBXVariantGroup;
			children = (
				CA263B4526FA339400ECFCC7 /* Base */,
			);
			name = LaunchScreen.storyboard;
			sourceTree = "<group>";
		};
/* End PBXVariantGroup section */

/* Begin XCBuildConfiguration section */
		CA263B4826FA339400ECFCC7 /* Debug */ = {
			isa = XCBuildConfiguration;
			buildSettings = {
				ALWAYS_SEARCH_USER_PATHS = NO;
				CLANG_ANALYZER_NONNULL = YES;
				CLANG_ANALYZER_NUMBER_OBJECT_CONVERSION = YES_AGGRESSIVE;
				CLANG_CXX_LANGUAGE_STANDARD = "gnu++14";
				CLANG_CXX_LIBRARY = "libc++";
				CLANG_ENABLE_MODULES = YES;
				CLANG_ENABLE_OBJC_ARC = YES;
				CLANG_ENABLE_OBJC_WEAK = YES;
				CLANG_WARN_BLOCK_CAPTURE_AUTORELEASING = YES;
				CLANG_WARN_BOOL_CONVERSION = YES;
				CLANG_WARN_COMMA = YES;
				CLANG_WARN_CONSTANT_CONVERSION = YES;
				CLANG_WARN_DEPRECATED_OBJC_IMPLEMENTATIONS = YES;
				CLANG_WARN_DIRECT_OBJC_ISA_USAGE = YES_ERROR;
				CLANG_WARN_DOCUMENTATION_COMMENTS = YES;
				CLANG_WARN_EMPTY_BODY = YES;
				CLANG_WARN_ENUM_CONVERSION = YES;
				CLANG_WARN_INFINITE_RECURSION = YES;
				CLANG_WARN_INT_CONVERSION = YES;
				CLANG_WARN_NON_LITERAL_NULL_CONVERSION = YES;
				CLANG_WARN_OBJC_IMPLICIT_RETAIN_SELF = YES;
				CLANG_WARN_OBJC_LITERAL_CONVERSION = YES;
				CLANG_WARN_OBJC_ROOT_CLASS = YES_ERROR;
				CLANG_WARN_QUOTED_INCLUDE_IN_FRAMEWORK_HEADER = YES;
				CLANG_WARN_RANGE_LOOP_ANALYSIS = YES;
				CLANG_WARN_STRICT_PROTOTYPES = YES;
				CLANG_WARN_SUSPICIOUS_MOVE = YES;
				CLANG_WARN_UNGUARDED_AVAILABILITY = YES_AGGRESSIVE;
				CLANG_WARN_UNREACHABLE_CODE = YES;
				CLANG_WARN__DUPLICATE_METHOD_MATCH = YES;
				COPY_PHASE_STRIP = NO;
				DEBUG_INFORMATION_FORMAT = dwarf;
				ENABLE_STRICT_OBJC_MSGSEND = YES;
				ENABLE_TESTABILITY = YES;
				GCC_C_LANGUAGE_STANDARD = gnu11;
				GCC_DYNAMIC_NO_PIC = NO;
				GCC_NO_COMMON_BLOCKS = YES;
				GCC_OPTIMIZATION_LEVEL = 0;
				GCC_PREPROCESSOR_DEFINITIONS = (
					"DEBUG=1",
					"$(inherited)",
				);
				GCC_WARN_64_TO_32_BIT_CONVERSION = YES;
				GCC_WARN_ABOUT_RETURN_TYPE = YES_ERROR;
				GCC_WARN_UNDECLARED_SELECTOR = YES;
				GCC_WARN_UNINITIALIZED_AUTOS = YES_AGGRESSIVE;
				GCC_WARN_UNUSED_FUNCTION = YES;
				GCC_WARN_UNUSED_VARIABLE = YES;
				IPHONEOS_DEPLOYMENT_TARGET = 14.5;
				MTL_ENABLE_DEBUG_INFO = INCLUDE_SOURCE;
				MTL_FAST_MATH = YES;
				ONLY_ACTIVE_ARCH = YES;
				SDKROOT = iphoneos;
				SWIFT_ACTIVE_COMPILATION_CONDITIONS = DEBUG;
				SWIFT_OPTIMIZATION_LEVEL = "-Onone";
			};
			name = Debug;
		};
		CA263B4926FA339400ECFCC7 /* Release */ = {
			isa = XCBuildConfiguration;
			buildSettings = {
				ALWAYS_SEARCH_USER_PATHS = NO;
				CLANG_ANALYZER_NONNULL = YES;
				CLANG_ANALYZER_NUMBER_OBJECT_CONVERSION = YES_AGGRESSIVE;
				CLANG_CXX_LANGUAGE_STANDARD = "gnu++14";
				CLANG_CXX_LIBRARY = "libc++";
				CLANG_ENABLE_MODULES = YES;
				CLANG_ENABLE_OBJC_ARC = YES;
				CLANG_ENABLE_OBJC_WEAK = YES;
				CLANG_WARN_BLOCK_CAPTURE_AUTORELEASING = YES;
				CLANG_WARN_BOOL_CONVERSION = YES;
				CLANG_WARN_COMMA = YES;
				CLANG_WARN_CONSTANT_CONVERSION = YES;
				CLANG_WARN_DEPRECATED_OBJC_IMPLEMENTATIONS = YES;
				CLANG_WARN_DIRECT_OBJC_ISA_USAGE = YES_ERROR;
				CLANG_WARN_DOCUMENTATION_COMMENTS = YES;
				CLANG_WARN_EMPTY_BODY = YES;
				CLANG_WARN_ENUM_CONVERSION = YES;
				CLANG_WARN_INFINITE_RECURSION = YES;
				CLANG_WARN_INT_CONVERSION = YES;
				CLANG_WARN_NON_LITERAL_NULL_CONVERSION = YES;
				CLANG_WARN_OBJC_IMPLICIT_RETAIN_SELF = YES;
				CLANG_WARN_OBJC_LITERAL_CONVERSION = YES;
				CLANG_WARN_OBJC_ROOT_CLASS = YES_ERROR;
				CLANG_WARN_QUOTED_INCLUDE_IN_FRAMEWORK_HEADER = YES;
				CLANG_WARN_RANGE_LOOP_ANALYSIS = YES;
				CLANG_WARN_STRICT_PROTOTYPES = YES;
				CLANG_WARN_SUSPICIOUS_MOVE = YES;
				CLANG_WARN_UNGUARDED_AVAILABILITY = YES_AGGRESSIVE;
				CLANG_WARN_UNREACHABLE_CODE = YES;
				CLANG_WARN__DUPLICATE_METHOD_MATCH = YES;
				COPY_PHASE_STRIP = NO;
				DEBUG_INFORMATION_FORMAT = "dwarf-with-dsym";
				ENABLE_NS_ASSERTIONS = NO;
				ENABLE_STRICT_OBJC_MSGSEND = YES;
				GCC_C_LANGUAGE_STANDARD = gnu11;
				GCC_NO_COMMON_BLOCKS = YES;
				GCC_WARN_64_TO_32_BIT_CONVERSION = YES;
				GCC_WARN_ABOUT_RETURN_TYPE = YES_ERROR;
				GCC_WARN_UNDECLARED_SELECTOR = YES;
				GCC_WARN_UNINITIALIZED_AUTOS = YES_AGGRESSIVE;
				GCC_WARN_UNUSED_FUNCTION = YES;
				GCC_WARN_UNUSED_VARIABLE = YES;
				IPHONEOS_DEPLOYMENT_TARGET = 14.5;
				MTL_ENABLE_DEBUG_INFO = NO;
				MTL_FAST_MATH = YES;
				SDKROOT = iphoneos;
				SWIFT_COMPILATION_MODE = wholemodule;
				SWIFT_OPTIMIZATION_LEVEL = "-O";
				VALIDATE_PRODUCT = YES;
			};
			name = Release;
		};
		CA263B4B26FA339400ECFCC7 /* Debug */ = {
			isa = XCBuildConfiguration;
			buildSettings = {
				ASSETCATALOG_COMPILER_APPICON_NAME = AppIcon;
				ASSETCATALOG_COMPILER_GLOBAL_ACCENT_COLOR_NAME = AccentColor;
				CODE_SIGN_STYLE = Automatic;
				DEVELOPMENT_TEAM = WBQRF7BRYB;
				INFOPLIST_FILE = MillionaireGame/BaseComponents/Info.plist;
				LD_RUNPATH_SEARCH_PATHS = (
					"$(inherited)",
					"@executable_path/Frameworks",
				);
				PRODUCT_BUNDLE_IDENTIFIER = com.dk.MillionaireGame;
				PRODUCT_NAME = "$(TARGET_NAME)";
				SWIFT_VERSION = 5.0;
				TARGETED_DEVICE_FAMILY = "1,2";
			};
			name = Debug;
		};
		CA263B4C26FA339400ECFCC7 /* Release */ = {
			isa = XCBuildConfiguration;
			buildSettings = {
				ASSETCATALOG_COMPILER_APPICON_NAME = AppIcon;
				ASSETCATALOG_COMPILER_GLOBAL_ACCENT_COLOR_NAME = AccentColor;
				CODE_SIGN_STYLE = Automatic;
				DEVELOPMENT_TEAM = WBQRF7BRYB;
				INFOPLIST_FILE = MillionaireGame/BaseComponents/Info.plist;
				LD_RUNPATH_SEARCH_PATHS = (
					"$(inherited)",
					"@executable_path/Frameworks",
				);
				PRODUCT_BUNDLE_IDENTIFIER = com.dk.MillionaireGame;
				PRODUCT_NAME = "$(TARGET_NAME)";
				SWIFT_VERSION = 5.0;
				TARGETED_DEVICE_FAMILY = "1,2";
			};
			name = Release;
		};
/* End XCBuildConfiguration section */

/* Begin XCConfigurationList section */
		CA263B3126FA339200ECFCC7 /* Build configuration list for PBXProject "MillionaireGame" */ = {
			isa = XCConfigurationList;
			buildConfigurations = (
				CA263B4826FA339400ECFCC7 /* Debug */,
				CA263B4926FA339400ECFCC7 /* Release */,
			);
			defaultConfigurationIsVisible = 0;
			defaultConfigurationName = Release;
		};
		CA263B4A26FA339400ECFCC7 /* Build configuration list for PBXNativeTarget "MillionaireGame" */ = {
			isa = XCConfigurationList;
			buildConfigurations = (
				CA263B4B26FA339400ECFCC7 /* Debug */,
				CA263B4C26FA339400ECFCC7 /* Release */,
			);
			defaultConfigurationIsVisible = 0;
			defaultConfigurationName = Release;
		};
/* End XCConfigurationList section */
	};
	rootObject = CA263B2E26FA339200ECFCC7 /* Project object */;
}
